// !$*UTF8*$!
{
	archiveVersion = 1;
	classes = {
	};
	objectVersion = 46;
	objects = {

/* Begin PBXBuildFile section */
		144E0B0C375BFBA0A22311E2 /* Pods_CJWB.framework in Frameworks */ = {isa = PBXBuildFile; fileRef = 2041AB2C3C81B8EA871EDD49 /* Pods_CJWB.framework */; };
		D00549961F3AB5FA0098D926 /* CJOAuthVC.swift in Sources */ = {isa = PBXBuildFile; fileRef = D00549941F3AB5FA0098D926 /* CJOAuthVC.swift */; };
		D00549971F3AB5FA0098D926 /* CJOAuthVC.xib in Resources */ = {isa = PBXBuildFile; fileRef = D00549951F3AB5FA0098D926 /* CJOAuthVC.xib */; };
		D005499A1F3ABC2B0098D926 /* CJWelcomeVC.swift in Sources */ = {isa = PBXBuildFile; fileRef = D00549981F3ABC2B0098D926 /* CJWelcomeVC.swift */; };
		D005499B1F3ABC2B0098D926 /* CJWelcomeVC.xib in Resources */ = {isa = PBXBuildFile; fileRef = D00549991F3ABC2B0098D926 /* CJWelcomeVC.xib */; };
		D005499D1F3ABEA50098D926 /* CJUserAccount.swift in Sources */ = {isa = PBXBuildFile; fileRef = D005499C1F3ABEA50098D926 /* CJUserAccount.swift */; };
		D005499F1F3AF4250098D926 /* CJUserAccountViewModel.swift in Sources */ = {isa = PBXBuildFile; fileRef = D005499E1F3AF4250098D926 /* CJUserAccountViewModel.swift */; };
		D00549A11F3AF9610098D926 /* CJNetWorkTools.swift in Sources */ = {isa = PBXBuildFile; fileRef = D00549A01F3AF9610098D926 /* CJNetWorkTools.swift */; };
		D00EE1911F6248D200F3AEBC /* CJPicCollectionView.swift in Sources */ = {isa = PBXBuildFile; fileRef = D00EE1901F6248D200F3AEBC /* CJPicCollectionView.swift */; };
		D0109A621F6A32CB00CD5BAE /* CJEmotionCell.swift in Sources */ = {isa = PBXBuildFile; fileRef = D0109A611F6A32CB00CD5BAE /* CJEmotionCell.swift */; };
		D0109A651F6A6B2800CD5BAE /* CJEmotionAttachment.swift in Sources */ = {isa = PBXBuildFile; fileRef = D0109A641F6A6B2800CD5BAE /* CJEmotionAttachment.swift */; };
		D0109A691F6A6B6300CD5BAE /* UITextView-Extension.swift in Sources */ = {isa = PBXBuildFile; fileRef = D0109A681F6A6B6300CD5BAE /* UITextView-Extension.swift */; };
		D0109A6B1F6A76A300CD5BAE /* Emoticons.bundle in Resources */ = {isa = PBXBuildFile; fileRef = D0109A6A1F6A76A300CD5BAE /* Emoticons.bundle */; };
		D017CA5E1F2ED1D00037071E /* CJHomeVC.storyboard in Resources */ = {isa = PBXBuildFile; fileRef = D017CA5D1F2ED1D00037071E /* CJHomeVC.storyboard */; };
		D017CA621F2ED4890037071E /* CJMessageVC.storyboard in Resources */ = {isa = PBXBuildFile; fileRef = D017CA611F2ED4890037071E /* CJMessageVC.storyboard */; };
		D017CA651F2ED5840037071E /* NULL.storyboard in Resources */ = {isa = PBXBuildFile; fileRef = D017CA631F2ED5840037071E /* NULL.storyboard */; };
		D017CA671F2ED59D0037071E /* CJDiscoverVC.storyboard in Resources */ = {isa = PBXBuildFile; fileRef = D017CA661F2ED59D0037071E /* CJDiscoverVC.storyboard */; };
		D017CA691F2ED5B60037071E /* CJProfileVC.storyboard in Resources */ = {isa = PBXBuildFile; fileRef = D017CA681F2ED5B60037071E /* CJProfileVC.storyboard */; };
		D017CA6B1F2EE7200037071E /* UIButton-Extension.swift in Sources */ = {isa = PBXBuildFile; fileRef = D017CA6A1F2EE7200037071E /* UIButton-Extension.swift */; };
		D017CA6F1F2F06F30037071E /* UIBarButtonItem-Extension.swift in Sources */ = {isa = PBXBuildFile; fileRef = D017CA6E1F2F06F30037071E /* UIBarButtonItem-Extension.swift */; };
		D017CA731F2F09FF0037071E /* VisitorView.xib in Resources */ = {isa = PBXBuildFile; fileRef = D017CA721F2F09FF0037071E /* VisitorView.xib */; };
		D017CA811F2F38460037071E /* CJBaseVC.swift in Sources */ = {isa = PBXBuildFile; fileRef = D017CA801F2F38460037071E /* CJBaseVC.swift */; };
		D01E101B1F3C09D100411CF6 /* CJCommon.swift in Sources */ = {isa = PBXBuildFile; fileRef = D01E101A1F3C09D100411CF6 /* CJCommon.swift */; };
		D03738481F288E9400056CF6 /* AppDelegate.swift in Sources */ = {isa = PBXBuildFile; fileRef = D03738471F288E9400056CF6 /* AppDelegate.swift */; };
		D037384F1F288E9400056CF6 /* Assets.xcassets in Resources */ = {isa = PBXBuildFile; fileRef = D037384E1F288E9400056CF6 /* Assets.xcassets */; };
		D03738521F288E9400056CF6 /* LaunchScreen.storyboard in Resources */ = {isa = PBXBuildFile; fileRef = D03738501F288E9400056CF6 /* LaunchScreen.storyboard */; };
		D03738601F2891A200056CF6 /* CJDiscoverVC.swift in Sources */ = {isa = PBXBuildFile; fileRef = D037385F1F2891A200056CF6 /* CJDiscoverVC.swift */; };
		D03738621F2891BD00056CF6 /* CJHomeVC.swift in Sources */ = {isa = PBXBuildFile; fileRef = D03738611F2891BD00056CF6 /* CJHomeVC.swift */; };
		D03738661F2891D700056CF6 /* CJMessageVC.swift in Sources */ = {isa = PBXBuildFile; fileRef = D03738651F2891D700056CF6 /* CJMessageVC.swift */; };
		D03738681F2891E300056CF6 /* CJProfileVC.swift in Sources */ = {isa = PBXBuildFile; fileRef = D03738671F2891E300056CF6 /* CJProfileVC.swift */; };
		D037386A1F28939E00056CF6 /* CJMainVC.swift in Sources */ = {isa = PBXBuildFile; fileRef = D03738691F28939E00056CF6 /* CJMainVC.swift */; };
		D037387D1F29D7C500056CF6 /* MainVCSettings.json in Resources */ = {isa = PBXBuildFile; fileRef = D037387C1F29D7C500056CF6 /* MainVCSettings.json */; };
		D0435E4E1F66873C0098F182 /* CJComposeVC.swift in Sources */ = {isa = PBXBuildFile; fileRef = D0435E4C1F66873C0098F182 /* CJComposeVC.swift */; };
		D0435E4F1F66873C0098F182 /* CJComposeVC.xib in Resources */ = {isa = PBXBuildFile; fileRef = D0435E4D1F66873C0098F182 /* CJComposeVC.xib */; };
		D0435E511F668AB60098F182 /* CJComposeTitleView.swift in Sources */ = {isa = PBXBuildFile; fileRef = D0435E501F668AB60098F182 /* CJComposeTitleView.swift */; };
		D0435E531F668F860098F182 /* CJComposeTextView.swift in Sources */ = {isa = PBXBuildFile; fileRef = D0435E521F668F860098F182 /* CJComposeTextView.swift */; };
		D04696781F68DDA800AA01A5 /* CJPicPickerViewCell.swift in Sources */ = {isa = PBXBuildFile; fileRef = D04696761F68DDA800AA01A5 /* CJPicPickerViewCell.swift */; };
		D04696791F68DDA800AA01A5 /* CJPicPickerViewCell.xib in Resources */ = {isa = PBXBuildFile; fileRef = D04696771F68DDA800AA01A5 /* CJPicPickerViewCell.xib */; };
		D04696801F6922FF00AA01A5 /* CJTitleButton.swift in Sources */ = {isa = PBXBuildFile; fileRef = D046967F1F6922FF00AA01A5 /* CJTitleButton.swift */; };
		D04696841F69237500AA01A5 /* CJEmotionVC.swift in Sources */ = {isa = PBXBuildFile; fileRef = D04696831F69237500AA01A5 /* CJEmotionVC.swift */; };
		D062D1111F31753400FB2AF0 /* CJVisitorView.swift in Sources */ = {isa = PBXBuildFile; fileRef = D062D1101F31753400FB2AF0 /* CJVisitorView.swift */; };
		D09F31131F4AB88A008B15C1 /* CJHomeViewCell.swift in Sources */ = {isa = PBXBuildFile; fileRef = D09F31121F4AB88A008B15C1 /* CJHomeViewCell.swift */; };
		D0BCB49C1F46994000BC6FBA /* CJPopoverAnimation.swift in Sources */ = {isa = PBXBuildFile; fileRef = D0BCB4981F46994000BC6FBA /* CJPopoverAnimation.swift */; };
		D0BCB49D1F46994000BC6FBA /* CJPopoverViewController.swift in Sources */ = {isa = PBXBuildFile; fileRef = D0BCB4991F46994000BC6FBA /* CJPopoverViewController.swift */; };
		D0BCB49E1F46994000BC6FBA /* CJPopoverViewController.xib in Resources */ = {isa = PBXBuildFile; fileRef = D0BCB49A1F46994000BC6FBA /* CJPopoverViewController.xib */; };
		D0BCB49F1F46994000BC6FBA /* CJPresentationVC.swift in Sources */ = {isa = PBXBuildFile; fileRef = D0BCB49B1F46994000BC6FBA /* CJPresentationVC.swift */; };
		D0BCB4A31F46BF2600BC6FBA /* CJStatusModel.swift in Sources */ = {isa = PBXBuildFile; fileRef = D0BCB4A21F46BF2600BC6FBA /* CJStatusModel.swift */; };
		D0BCB4A51F46CE6E00BC6FBA /* CJUserModel.swift in Sources */ = {isa = PBXBuildFile; fileRef = D0BCB4A41F46CE6D00BC6FBA /* CJUserModel.swift */; };
		D0BCB4A71F46D01D00BC6FBA /* CJStatusViewModel.swift in Sources */ = {isa = PBXBuildFile; fileRef = D0BCB4A61F46D01D00BC6FBA /* CJStatusViewModel.swift */; };
		D0BCB4A91F46D18000BC6FBA /* NSDate-Extension.swift in Sources */ = {isa = PBXBuildFile; fileRef = D0BCB4A81F46D18000BC6FBA /* NSDate-Extension.swift */; };
		D0BDD14B1F39A07400F3A411 /* Main.storyboard in Resources */ = {isa = PBXBuildFile; fileRef = D0BDD1491F39A07400F3A411 /* Main.storyboard */; };
		D0C2093E1F6924CA00FCE77E /* CJEmotionModel.swift in Sources */ = {isa = PBXBuildFile; fileRef = D0C2093D1F6924CA00FCE77E /* CJEmotionModel.swift */; };
		D0C209401F692E7000FCE77E /* CJEmotionPackage.swift in Sources */ = {isa = PBXBuildFile; fileRef = D0C2093F1F692E7000FCE77E /* CJEmotionPackage.swift */; };
		D0C209421F6935DC00FCE77E /* CJEmotionManger.swift in Sources */ = {isa = PBXBuildFile; fileRef = D0C209411F6935DC00FCE77E /* CJEmotionManger.swift */; };
		D0D89FE71F67BDF9007AE6B6 /* CJPicPickerCollectionView.swift in Sources */ = {isa = PBXBuildFile; fileRef = D0D89FE61F67BDF9007AE6B6 /* CJPicPickerCollectionView.swift */; };
/* End PBXBuildFile section */

/* Begin PBXFileReference section */
		2041AB2C3C81B8EA871EDD49 /* Pods_CJWB.framework */ = {isa = PBXFileReference; explicitFileType = wrapper.framework; includeInIndex = 0; path = Pods_CJWB.framework; sourceTree = BUILT_PRODUCTS_DIR; };
		2EEE83F25CAA694C6EB0D367 /* Pods-CJWB.debug.xcconfig */ = {isa = PBXFileReference; includeInIndex = 1; lastKnownFileType = text.xcconfig; name = "Pods-CJWB.debug.xcconfig"; path = "Pods/Target Support Files/Pods-CJWB/Pods-CJWB.debug.xcconfig"; sourceTree = "<group>"; };
		BF458472E307D99D0C8B0718 /* Pods-CJWB.release.xcconfig */ = {isa = PBXFileReference; includeInIndex = 1; lastKnownFileType = text.xcconfig; name = "Pods-CJWB.release.xcconfig"; path = "Pods/Target Support Files/Pods-CJWB/Pods-CJWB.release.xcconfig"; sourceTree = "<group>"; };
		D00549941F3AB5FA0098D926 /* CJOAuthVC.swift */ = {isa = PBXFileReference; fileEncoding = 4; lastKnownFileType = sourcecode.swift; path = CJOAuthVC.swift; sourceTree = "<group>"; };
		D00549951F3AB5FA0098D926 /* CJOAuthVC.xib */ = {isa = PBXFileReference; fileEncoding = 4; lastKnownFileType = file.xib; path = CJOAuthVC.xib; sourceTree = "<group>"; };
		D00549981F3ABC2B0098D926 /* CJWelcomeVC.swift */ = {isa = PBXFileReference; fileEncoding = 4; lastKnownFileType = sourcecode.swift; path = CJWelcomeVC.swift; sourceTree = "<group>"; };
		D00549991F3ABC2B0098D926 /* CJWelcomeVC.xib */ = {isa = PBXFileReference; fileEncoding = 4; lastKnownFileType = file.xib; path = CJWelcomeVC.xib; sourceTree = "<group>"; };
		D005499C1F3ABEA50098D926 /* CJUserAccount.swift */ = {isa = PBXFileReference; fileEncoding = 4; lastKnownFileType = sourcecode.swift; path = CJUserAccount.swift; sourceTree = "<group>"; };
		D005499E1F3AF4250098D926 /* CJUserAccountViewModel.swift */ = {isa = PBXFileReference; fileEncoding = 4; lastKnownFileType = sourcecode.swift; path = CJUserAccountViewModel.swift; sourceTree = "<group>"; };
		D00549A01F3AF9610098D926 /* CJNetWorkTools.swift */ = {isa = PBXFileReference; fileEncoding = 4; lastKnownFileType = sourcecode.swift; path = CJNetWorkTools.swift; sourceTree = "<group>"; };
		D00EE1901F6248D200F3AEBC /* CJPicCollectionView.swift */ = {isa = PBXFileReference; fileEncoding = 4; lastKnownFileType = sourcecode.swift; path = CJPicCollectionView.swift; sourceTree = "<group>"; };
		D0109A611F6A32CB00CD5BAE /* CJEmotionCell.swift */ = {isa = PBXFileReference; fileEncoding = 4; lastKnownFileType = sourcecode.swift; path = CJEmotionCell.swift; sourceTree = "<group>"; };
		D0109A641F6A6B2800CD5BAE /* CJEmotionAttachment.swift */ = {isa = PBXFileReference; fileEncoding = 4; lastKnownFileType = sourcecode.swift; path = CJEmotionAttachment.swift; sourceTree = "<group>"; };
		D0109A681F6A6B6300CD5BAE /* UITextView-Extension.swift */ = {isa = PBXFileReference; fileEncoding = 4; lastKnownFileType = sourcecode.swift; path = "UITextView-Extension.swift"; sourceTree = "<group>"; };
		D0109A6A1F6A76A300CD5BAE /* Emoticons.bundle */ = {isa = PBXFileReference; lastKnownFileType = "wrapper.plug-in"; path = Emoticons.bundle; sourceTree = "<group>"; };
		D017CA5D1F2ED1D00037071E /* CJHomeVC.storyboard */ = {isa = PBXFileReference; fileEncoding = 4; lastKnownFileType = file.storyboard; path = CJHomeVC.storyboard; sourceTree = "<group>"; };
		D017CA611F2ED4890037071E /* CJMessageVC.storyboard */ = {isa = PBXFileReference; fileEncoding = 4; lastKnownFileType = file.storyboard; path = CJMessageVC.storyboard; sourceTree = "<group>"; };
		D017CA641F2ED5840037071E /* Base */ = {isa = PBXFileReference; lastKnownFileType = file.storyboard; name = Base; path = Base.lproj/NULL.storyboard; sourceTree = "<group>"; };
		D017CA661F2ED59D0037071E /* CJDiscoverVC.storyboard */ = {isa = PBXFileReference; fileEncoding = 4; lastKnownFileType = file.storyboard; path = CJDiscoverVC.storyboard; sourceTree = "<group>"; };
		D017CA681F2ED5B60037071E /* CJProfileVC.storyboard */ = {isa = PBXFileReference; fileEncoding = 4; lastKnownFileType = file.storyboard; path = CJProfileVC.storyboard; sourceTree = "<group>"; };
		D017CA6A1F2EE7200037071E /* UIButton-Extension.swift */ = {isa = PBXFileReference; fileEncoding = 4; lastKnownFileType = sourcecode.swift; name = "UIButton-Extension.swift"; path = "../../../../UIButton-Extension.swift"; sourceTree = "<group>"; };
		D017CA6E1F2F06F30037071E /* UIBarButtonItem-Extension.swift */ = {isa = PBXFileReference; fileEncoding = 4; lastKnownFileType = sourcecode.swift; path = "UIBarButtonItem-Extension.swift"; sourceTree = "<group>"; };
		D017CA721F2F09FF0037071E /* VisitorView.xib */ = {isa = PBXFileReference; fileEncoding = 4; lastKnownFileType = file.xib; name = VisitorView.xib; path = CJWB/Classes/Main/VisitorView.xib; sourceTree = SOURCE_ROOT; };
		D017CA801F2F38460037071E /* CJBaseVC.swift */ = {isa = PBXFileReference; fileEncoding = 4; lastKnownFileType = sourcecode.swift; name = CJBaseVC.swift; path = ../CJBaseVC.swift; sourceTree = "<group>"; };
		D01E101A1F3C09D100411CF6 /* CJCommon.swift */ = {isa = PBXFileReference; fileEncoding = 4; lastKnownFileType = sourcecode.swift; path = CJCommon.swift; sourceTree = "<group>"; };
		D03738441F288E9400056CF6 /* CJWB.app */ = {isa = PBXFileReference; explicitFileType = wrapper.application; includeInIndex = 0; path = CJWB.app; sourceTree = BUILT_PRODUCTS_DIR; };
		D03738471F288E9400056CF6 /* AppDelegate.swift */ = {isa = PBXFileReference; lastKnownFileType = sourcecode.swift; path = AppDelegate.swift; sourceTree = "<group>"; };
		D037384E1F288E9400056CF6 /* Assets.xcassets */ = {isa = PBXFileReference; lastKnownFileType = folder.assetcatalog; path = Assets.xcassets; sourceTree = "<group>"; };
		D03738511F288E9400056CF6 /* Base */ = {isa = PBXFileReference; lastKnownFileType = file.storyboard; name = Base; path = Base.lproj/LaunchScreen.storyboard; sourceTree = "<group>"; };
		D03738531F288E9400056CF6 /* Info.plist */ = {isa = PBXFileReference; lastKnownFileType = text.plist.xml; path = Info.plist; sourceTree = "<group>"; };
		D037385F1F2891A200056CF6 /* CJDiscoverVC.swift */ = {isa = PBXFileReference; fileEncoding = 4; lastKnownFileType = sourcecode.swift; path = CJDiscoverVC.swift; sourceTree = "<group>"; };
		D03738611F2891BD00056CF6 /* CJHomeVC.swift */ = {isa = PBXFileReference; fileEncoding = 4; lastKnownFileType = sourcecode.swift; path = CJHomeVC.swift; sourceTree = "<group>"; };
		D03738651F2891D700056CF6 /* CJMessageVC.swift */ = {isa = PBXFileReference; fileEncoding = 4; lastKnownFileType = sourcecode.swift; path = CJMessageVC.swift; sourceTree = "<group>"; };
		D03738671F2891E300056CF6 /* CJProfileVC.swift */ = {isa = PBXFileReference; fileEncoding = 4; lastKnownFileType = sourcecode.swift; path = CJProfileVC.swift; sourceTree = "<group>"; };
		D03738691F28939E00056CF6 /* CJMainVC.swift */ = {isa = PBXFileReference; fileEncoding = 4; lastKnownFileType = sourcecode.swift; path = CJMainVC.swift; sourceTree = "<group>"; };
		D037387C1F29D7C500056CF6 /* MainVCSettings.json */ = {isa = PBXFileReference; fileEncoding = 4; lastKnownFileType = text.json; path = MainVCSettings.json; sourceTree = "<group>"; };
		D0435E4C1F66873C0098F182 /* CJComposeVC.swift */ = {isa = PBXFileReference; fileEncoding = 4; lastKnownFileType = sourcecode.swift; path = CJComposeVC.swift; sourceTree = "<group>"; };
		D0435E4D1F66873C0098F182 /* CJComposeVC.xib */ = {isa = PBXFileReference; fileEncoding = 4; lastKnownFileType = file.xib; path = CJComposeVC.xib; sourceTree = "<group>"; };
		D0435E501F668AB60098F182 /* CJComposeTitleView.swift */ = {isa = PBXFileReference; fileEncoding = 4; lastKnownFileType = sourcecode.swift; path = CJComposeTitleView.swift; sourceTree = "<group>"; };
		D0435E521F668F860098F182 /* CJComposeTextView.swift */ = {isa = PBXFileReference; fileEncoding = 4; lastKnownFileType = sourcecode.swift; path = CJComposeTextView.swift; sourceTree = "<group>"; };
		D04696761F68DDA800AA01A5 /* CJPicPickerViewCell.swift */ = {isa = PBXFileReference; fileEncoding = 4; lastKnownFileType = sourcecode.swift; path = CJPicPickerViewCell.swift; sourceTree = "<group>"; };
		D04696771F68DDA800AA01A5 /* CJPicPickerViewCell.xib */ = {isa = PBXFileReference; fileEncoding = 4; lastKnownFileType = file.xib; path = CJPicPickerViewCell.xib; sourceTree = "<group>"; };
		D046967F1F6922FF00AA01A5 /* CJTitleButton.swift */ = {isa = PBXFileReference; fileEncoding = 4; lastKnownFileType = sourcecode.swift; path = CJTitleButton.swift; sourceTree = "<group>"; };
		D04696831F69237500AA01A5 /* CJEmotionVC.swift */ = {isa = PBXFileReference; fileEncoding = 4; lastKnownFileType = sourcecode.swift; path = CJEmotionVC.swift; sourceTree = "<group>"; };
		D062D1101F31753400FB2AF0 /* CJVisitorView.swift */ = {isa = PBXFileReference; fileEncoding = 4; lastKnownFileType = sourcecode.swift; name = CJVisitorView.swift; path = ../CJVisitorView.swift; sourceTree = "<group>"; };
		D09F31121F4AB88A008B15C1 /* CJHomeViewCell.swift */ = {isa = PBXFileReference; fileEncoding = 4; lastKnownFileType = sourcecode.swift; path = CJHomeViewCell.swift; sourceTree = "<group>"; };
		D0BCB4981F46994000BC6FBA /* CJPopoverAnimation.swift */ = {isa = PBXFileReference; fileEncoding = 4; lastKnownFileType = sourcecode.swift; path = CJPopoverAnimation.swift; sourceTree = "<group>"; };
		D0BCB4991F46994000BC6FBA /* CJPopoverViewController.swift */ = {isa = PBXFileReference; fileEncoding = 4; lastKnownFileType = sourcecode.swift; path = CJPopoverViewController.swift; sourceTree = "<group>"; };
		D0BCB49A1F46994000BC6FBA /* CJPopoverViewController.xib */ = {isa = PBXFileReference; fileEncoding = 4; lastKnownFileType = file.xib; path = CJPopoverViewController.xib; sourceTree = "<group>"; };
		D0BCB49B1F46994000BC6FBA /* CJPresentationVC.swift */ = {isa = PBXFileReference; fileEncoding = 4; lastKnownFileType = sourcecode.swift; path = CJPresentationVC.swift; sourceTree = "<group>"; };
		D0BCB4A21F46BF2600BC6FBA /* CJStatusModel.swift */ = {isa = PBXFileReference; fileEncoding = 4; lastKnownFileType = sourcecode.swift; path = CJStatusModel.swift; sourceTree = "<group>"; };
		D0BCB4A41F46CE6D00BC6FBA /* CJUserModel.swift */ = {isa = PBXFileReference; fileEncoding = 4; lastKnownFileType = sourcecode.swift; path = CJUserModel.swift; sourceTree = "<group>"; };
		D0BCB4A61F46D01D00BC6FBA /* CJStatusViewModel.swift */ = {isa = PBXFileReference; fileEncoding = 4; lastKnownFileType = sourcecode.swift; path = CJStatusViewModel.swift; sourceTree = "<group>"; };
		D0BCB4A81F46D18000BC6FBA /* NSDate-Extension.swift */ = {isa = PBXFileReference; fileEncoding = 4; lastKnownFileType = sourcecode.swift; path = "NSDate-Extension.swift"; sourceTree = "<group>"; };
		D0BDD14A1F39A07400F3A411 /* Base */ = {isa = PBXFileReference; lastKnownFileType = file.storyboard; name = Base; path = Base.lproj/Main.storyboard; sourceTree = "<group>"; };
		D0C2093D1F6924CA00FCE77E /* CJEmotionModel.swift */ = {isa = PBXFileReference; fileEncoding = 4; lastKnownFileType = sourcecode.swift; path = CJEmotionModel.swift; sourceTree = "<group>"; };
		D0C2093F1F692E7000FCE77E /* CJEmotionPackage.swift */ = {isa = PBXFileReference; fileEncoding = 4; lastKnownFileType = sourcecode.swift; path = CJEmotionPackage.swift; sourceTree = "<group>"; };
		D0C209411F6935DC00FCE77E /* CJEmotionManger.swift */ = {isa = PBXFileReference; fileEncoding = 4; lastKnownFileType = sourcecode.swift; path = CJEmotionManger.swift; sourceTree = "<group>"; };
		D0D89FE61F67BDF9007AE6B6 /* CJPicPickerCollectionView.swift */ = {isa = PBXFileReference; fileEncoding = 4; lastKnownFileType = sourcecode.swift; path = CJPicPickerCollectionView.swift; sourceTree = "<group>"; };
/* End PBXFileReference section */

/* Begin PBXFrameworksBuildPhase section */
		D03738411F288E9400056CF6 /* Frameworks */ = {
			isa = PBXFrameworksBuildPhase;
			buildActionMask = 2147483647;
			files = (
				144E0B0C375BFBA0A22311E2 /* Pods_CJWB.framework in Frameworks */,
			);
			runOnlyForDeploymentPostprocessing = 0;
		};
/* End PBXFrameworksBuildPhase section */

/* Begin PBXGroup section */
		63BC8D26CE892009CD498F4C /* Frameworks */ = {
			isa = PBXGroup;
			children = (
				2041AB2C3C81B8EA871EDD49 /* Pods_CJWB.framework */,
			);
			name = Frameworks;
			sourceTree = "<group>";
		};
		8C23ECA2FB406863D2EB79B8 /* Pods */ = {
			isa = PBXGroup;
			children = (
				2EEE83F25CAA694C6EB0D367 /* Pods-CJWB.debug.xcconfig */,
				BF458472E307D99D0C8B0718 /* Pods-CJWB.release.xcconfig */,
			);
			name = Pods;
			sourceTree = "<group>";
		};
		D00549911F3AB5B30098D926 /* OAuth */ = {
			isa = PBXGroup;
			children = (
				D00549941F3AB5FA0098D926 /* CJOAuthVC.swift */,
				D00549951F3AB5FA0098D926 /* CJOAuthVC.xib */,
				D005499C1F3ABEA50098D926 /* CJUserAccount.swift */,
				D005499E1F3AF4250098D926 /* CJUserAccountViewModel.swift */,
			);
			path = OAuth;
			sourceTree = "<group>";
		};
		D00549921F3AB5B30098D926 /* Visitor */ = {
			isa = PBXGroup;
			children = (
				D017CA801F2F38460037071E /* CJBaseVC.swift */,
				D062D1101F31753400FB2AF0 /* CJVisitorView.swift */,
				D017CA721F2F09FF0037071E /* VisitorView.xib */,
			);
			path = Visitor;
			sourceTree = "<group>";
		};
		D00549931F3AB5B30098D926 /* Welcome */ = {
			isa = PBXGroup;
			children = (
				D00549981F3ABC2B0098D926 /* CJWelcomeVC.swift */,
				D00549991F3ABC2B0098D926 /* CJWelcomeVC.xib */,
			);
			path = Welcome;
			sourceTree = "<group>";
		};
		D017CA6C1F2F05FC0037071E /* Tools */ = {
			isa = PBXGroup;
			children = (
				D04696811F69231300AA01A5 /* Emotion */,
				D046967F1F6922FF00AA01A5 /* CJTitleButton.swift */,
				D01E101A1F3C09D100411CF6 /* CJCommon.swift */,
				D00549A01F3AF9610098D926 /* CJNetWorkTools.swift */,
				D017CA6D1F2F05FC0037071E /* category */,
			);
			name = Tools;
			path = Classes/Profile/Tools;
			sourceTree = "<group>";
		};
		D017CA6D1F2F05FC0037071E /* category */ = {
			isa = PBXGroup;
			children = (
				D017CA6A1F2EE7200037071E /* UIButton-Extension.swift */,
				D017CA6E1F2F06F30037071E /* UIBarButtonItem-Extension.swift */,
				D0BCB4A81F46D18000BC6FBA /* NSDate-Extension.swift */,
				D0109A681F6A6B6300CD5BAE /* UITextView-Extension.swift */,
			);
			path = category;
			sourceTree = "<group>";
		};
		D037383B1F288E9300056CF6 = {
			isa = PBXGroup;
			children = (
				D03738461F288E9400056CF6 /* CJWB */,
				D03738451F288E9400056CF6 /* Products */,
				8C23ECA2FB406863D2EB79B8 /* Pods */,
				63BC8D26CE892009CD498F4C /* Frameworks */,
			);
			sourceTree = "<group>";
		};
		D03738451F288E9400056CF6 /* Products */ = {
			isa = PBXGroup;
			children = (
				D03738441F288E9400056CF6 /* CJWB.app */,
			);
			name = Products;
			sourceTree = "<group>";
		};
		D03738461F288E9400056CF6 /* CJWB */ = {
			isa = PBXGroup;
			children = (
				D03738591F28916800056CF6 /* Classes */,
				D017CA6C1F2F05FC0037071E /* Tools */,
				D03738471F288E9400056CF6 /* AppDelegate.swift */,
				D037384E1F288E9400056CF6 /* Assets.xcassets */,
				D03738501F288E9400056CF6 /* LaunchScreen.storyboard */,
				D0BDD1491F39A07400F3A411 /* Main.storyboard */,
				D03738531F288E9400056CF6 /* Info.plist */,
			);
			path = CJWB;
			sourceTree = "<group>";
		};
		D03738591F28916800056CF6 /* Classes */ = {
			isa = PBXGroup;
			children = (
				D0435E4B1F66871F0098F182 /* Compose */,
				D037385A1F28916800056CF6 /* Discover */,
				D037385B1F28916800056CF6 /* Home */,
				D037385C1F28916800056CF6 /* Main */,
				D037385D1F28916800056CF6 /* Message */,
				D037385E1F28916800056CF6 /* Profile */,
			);
			path = Classes;
			sourceTree = "<group>";
		};
		D037385A1F28916800056CF6 /* Discover */ = {
			isa = PBXGroup;
			children = (
				D017CA661F2ED59D0037071E /* CJDiscoverVC.storyboard */,
				D037385F1F2891A200056CF6 /* CJDiscoverVC.swift */,
			);
			path = Discover;
			sourceTree = "<group>";
		};
		D037385B1F28916800056CF6 /* Home */ = {
			isa = PBXGroup;
			children = (
				D0BCB4A11F46BE7D00BC6FBA /* HomeModel */,
				D017CA5D1F2ED1D00037071E /* CJHomeVC.storyboard */,
				D03738611F2891BD00056CF6 /* CJHomeVC.swift */,
				D09F31121F4AB88A008B15C1 /* CJHomeViewCell.swift */,
				D00EE1901F6248D200F3AEBC /* CJPicCollectionView.swift */,
				D0BCB4971F46994000BC6FBA /* UIPopover */,
			);
			path = Home;
			sourceTree = "<group>";
		};
		D037385C1F28916800056CF6 /* Main */ = {
			isa = PBXGroup;
			children = (
				D00549911F3AB5B30098D926 /* OAuth */,
				D00549921F3AB5B30098D926 /* Visitor */,
				D00549931F3AB5B30098D926 /* Welcome */,
				D037387B1F29D7C500056CF6 /* Resource */,
				D03738691F28939E00056CF6 /* CJMainVC.swift */,
			);
			path = Main;
			sourceTree = "<group>";
		};
		D037385D1F28916800056CF6 /* Message */ = {
			isa = PBXGroup;
			children = (
				D017CA611F2ED4890037071E /* CJMessageVC.storyboard */,
				D03738651F2891D700056CF6 /* CJMessageVC.swift */,
			);
			path = Message;
			sourceTree = "<group>";
		};
		D037385E1F28916800056CF6 /* Profile */ = {
			isa = PBXGroup;
			children = (
				D017CA681F2ED5B60037071E /* CJProfileVC.storyboard */,
				D03738671F2891E300056CF6 /* CJProfileVC.swift */,
			);
			path = Profile;
			sourceTree = "<group>";
		};
		D037387B1F29D7C500056CF6 /* Resource */ = {
			isa = PBXGroup;
			children = (
				D037387C1F29D7C500056CF6 /* MainVCSettings.json */,
				D017CA631F2ED5840037071E /* NULL.storyboard */,
			);
			path = Resource;
			sourceTree = "<group>";
		};
		D0435E4B1F66871F0098F182 /* Compose */ = {
			isa = PBXGroup;
			children = (
				D0D89FE51F67BDE0007AE6B6 /* picPicker */,
				D0435E4C1F66873C0098F182 /* CJComposeVC.swift */,
				D0435E4D1F66873C0098F182 /* CJComposeVC.xib */,
				D0435E501F668AB60098F182 /* CJComposeTitleView.swift */,
				D0435E521F668F860098F182 /* CJComposeTextView.swift */,
			);
			path = Compose;
			sourceTree = "<group>";
		};
		D04696811F69231300AA01A5 /* Emotion */ = {
			isa = PBXGroup;
			children = (
				D0109A6A1F6A76A300CD5BAE /* Emoticons.bundle */,
				D04696821F69231300AA01A5 /* Model */,
				D04696831F69237500AA01A5 /* CJEmotionVC.swift */,
				D0109A611F6A32CB00CD5BAE /* CJEmotionCell.swift */,
			);
			path = Emotion;
			sourceTree = "<group>";
		};
		D04696821F69231300AA01A5 /* Model */ = {
			isa = PBXGroup;
			children = (
				D0C2093D1F6924CA00FCE77E /* CJEmotionModel.swift */,
				D0C209411F6935DC00FCE77E /* CJEmotionManger.swift */,
				D0C2093F1F692E7000FCE77E /* CJEmotionPackage.swift */,
				D0109A641F6A6B2800CD5BAE /* CJEmotionAttachment.swift */,
			);
			path = Model;
			sourceTree = "<group>";
		};
		D0BCB4971F46994000BC6FBA /* UIPopover */ = {
			isa = PBXGroup;
			children = (
				D0BCB4981F46994000BC6FBA /* CJPopoverAnimation.swift */,
				D0BCB4991F46994000BC6FBA /* CJPopoverViewController.swift */,
				D0BCB49A1F46994000BC6FBA /* CJPopoverViewController.xib */,
				D0BCB49B1F46994000BC6FBA /* CJPresentationVC.swift */,
			);
			path = UIPopover;
			sourceTree = "<group>";
		};
		D0BCB4A11F46BE7D00BC6FBA /* HomeModel */ = {
			isa = PBXGroup;
			children = (
				D0BCB4A21F46BF2600BC6FBA /* CJStatusModel.swift */,
				D0BCB4A41F46CE6D00BC6FBA /* CJUserModel.swift */,
				D0BCB4A61F46D01D00BC6FBA /* CJStatusViewModel.swift */,
			);
			path = HomeModel;
			sourceTree = "<group>";
		};
		D0D89FE51F67BDE0007AE6B6 /* picPicker */ = {
			isa = PBXGroup;
			children = (
				D0D89FE61F67BDF9007AE6B6 /* CJPicPickerCollectionView.swift */,
				D04696761F68DDA800AA01A5 /* CJPicPickerViewCell.swift */,
				D04696771F68DDA800AA01A5 /* CJPicPickerViewCell.xib */,
			);
			path = picPicker;
			sourceTree = "<group>";
		};
/* End PBXGroup section */

/* Begin PBXNativeTarget section */
		D03738431F288E9400056CF6 /* CJWB */ = {
			isa = PBXNativeTarget;
			buildConfigurationList = D03738561F288E9400056CF6 /* Build configuration list for PBXNativeTarget "CJWB" */;
			buildPhases = (
				1A28D8900BACDAF690BBEAE7 /* [CP] Check Pods Manifest.lock */,
				D03738401F288E9400056CF6 /* Sources */,
				D03738411F288E9400056CF6 /* Frameworks */,
				D03738421F288E9400056CF6 /* Resources */,
				6A4CCD791177047CB8A2A438 /* [CP] Embed Pods Frameworks */,
				4A39D28749A4268C84971EC4 /* [CP] Copy Pods Resources */,
			);
			buildRules = (
			);
			dependencies = (
			);
			name = CJWB;
			productName = CJWB;
			productReference = D03738441F288E9400056CF6 /* CJWB.app */;
			productType = "com.apple.product-type.application";
		};
/* End PBXNativeTarget section */

/* Begin PBXProject section */
		D037383C1F288E9300056CF6 /* Project object */ = {
			isa = PBXProject;
			attributes = {
				CLASSPREFIX = CJ;
				LastSwiftUpdateCheck = 0830;
				LastUpgradeCheck = 0830;
				ORGANIZATIONNAME = CJ;
				TargetAttributes = {
					D03738431F288E9400056CF6 = {
						CreatedOnToolsVersion = 8.3.3;
						DevelopmentTeam = EJ7WBKMWJX;
						ProvisioningStyle = Automatic;
					};
				};
			};
			buildConfigurationList = D037383F1F288E9400056CF6 /* Build configuration list for PBXProject "CJWB" */;
			compatibilityVersion = "Xcode 3.2";
			developmentRegion = English;
			hasScannedForEncodings = 0;
			knownRegions = (
				en,
				Base,
			);
			mainGroup = D037383B1F288E9300056CF6;
			productRefGroup = D03738451F288E9400056CF6 /* Products */;
			projectDirPath = "";
			projectRoot = "";
			targets = (
				D03738431F288E9400056CF6 /* CJWB */,
			);
		};
/* End PBXProject section */

/* Begin PBXResourcesBuildPhase section */
		D03738421F288E9400056CF6 /* Resources */ = {
			isa = PBXResourcesBuildPhase;
			buildActionMask = 2147483647;
			files = (
				D017CA691F2ED5B60037071E /* CJProfileVC.storyboard in Resources */,
				D017CA731F2F09FF0037071E /* VisitorView.xib in Resources */,
				D03738521F288E9400056CF6 /* LaunchScreen.storyboard in Resources */,
				D017CA651F2ED5840037071E /* NULL.storyboard in Resources */,
				D0BCB49E1F46994000BC6FBA /* CJPopoverViewController.xib in Resources */,
				D00549971F3AB5FA0098D926 /* CJOAuthVC.xib in Resources */,
				D0435E4F1F66873C0098F182 /* CJComposeVC.xib in Resources */,
				D0BDD14B1F39A07400F3A411 /* Main.storyboard in Resources */,
				D017CA5E1F2ED1D00037071E /* CJHomeVC.storyboard in Resources */,
				D0109A6B1F6A76A300CD5BAE /* Emoticons.bundle in Resources */,
				D017CA671F2ED59D0037071E /* CJDiscoverVC.storyboard in Resources */,
				D037384F1F288E9400056CF6 /* Assets.xcassets in Resources */,
				D04696791F68DDA800AA01A5 /* CJPicPickerViewCell.xib in Resources */,
				D037387D1F29D7C500056CF6 /* MainVCSettings.json in Resources */,
				D005499B1F3ABC2B0098D926 /* CJWelcomeVC.xib in Resources */,
				D017CA621F2ED4890037071E /* CJMessageVC.storyboard in Resources */,
			);
			runOnlyForDeploymentPostprocessing = 0;
		};
/* End PBXResourcesBuildPhase section */

/* Begin PBXShellScriptBuildPhase section */
		1A28D8900BACDAF690BBEAE7 /* [CP] Check Pods Manifest.lock */ = {
			isa = PBXShellScriptBuildPhase;
			buildActionMask = 2147483647;
			files = (
			);
			inputPaths = (
			);
			name = "[CP] Check Pods Manifest.lock";
			outputPaths = (
			);
			runOnlyForDeploymentPostprocessing = 0;
			shellPath = /bin/sh;
			shellScript = "diff \"${PODS_PODFILE_DIR_PATH}/Podfile.lock\" \"${PODS_ROOT}/Manifest.lock\" > /dev/null\nif [ $? != 0 ] ; then\n    # print error to STDERR\n    echo \"error: The sandbox is not in sync with the Podfile.lock. Run 'pod install' or update your CocoaPods installation.\" >&2\n    exit 1\nfi\n";
			showEnvVarsInLog = 0;
		};
		4A39D28749A4268C84971EC4 /* [CP] Copy Pods Resources */ = {
			isa = PBXShellScriptBuildPhase;
			buildActionMask = 2147483647;
			files = (
			);
			inputPaths = (
			);
			name = "[CP] Copy Pods Resources";
			outputPaths = (
			);
			runOnlyForDeploymentPostprocessing = 0;
			shellPath = /bin/sh;
			shellScript = "\"${SRCROOT}/Pods/Target Support Files/Pods-CJWB/Pods-CJWB-resources.sh\"\n";
			showEnvVarsInLog = 0;
		};
		6A4CCD791177047CB8A2A438 /* [CP] Embed Pods Frameworks */ = {
			isa = PBXShellScriptBuildPhase;
			buildActionMask = 2147483647;
			files = (
			);
			inputPaths = (
			);
			name = "[CP] Embed Pods Frameworks";
			outputPaths = (
			);
			runOnlyForDeploymentPostprocessing = 0;
			shellPath = /bin/sh;
			shellScript = "\"${SRCROOT}/Pods/Target Support Files/Pods-CJWB/Pods-CJWB-frameworks.sh\"\n";
			showEnvVarsInLog = 0;
		};
/* End PBXShellScriptBuildPhase section */

/* Begin PBXSourcesBuildPhase section */
		D03738401F288E9400056CF6 /* Sources */ = {
			isa = PBXSourcesBuildPhase;
			buildActionMask = 2147483647;
			files = (
				D03738661F2891D700056CF6 /* CJMessageVC.swift in Sources */,
				D0BCB49C1F46994000BC6FBA /* CJPopoverAnimation.swift in Sources */,
				D04696781F68DDA800AA01A5 /* CJPicPickerViewCell.swift in Sources */,
				D0109A651F6A6B2800CD5BAE /* CJEmotionAttachment.swift in Sources */,
				D0C2093E1F6924CA00FCE77E /* CJEmotionModel.swift in Sources */,
				D0D89FE71F67BDF9007AE6B6 /* CJPicPickerCollectionView.swift in Sources */,
				D0435E531F668F860098F182 /* CJComposeTextView.swift in Sources */,
				D03738621F2891BD00056CF6 /* CJHomeVC.swift in Sources */,
				D0BCB4A71F46D01D00BC6FBA /* CJStatusViewModel.swift in Sources */,
				D0435E4E1F66873C0098F182 /* CJComposeVC.swift in Sources */,
				D0BCB49F1F46994000BC6FBA /* CJPresentationVC.swift in Sources */,
				D0109A691F6A6B6300CD5BAE /* UITextView-Extension.swift in Sources */,
				D0BCB49D1F46994000BC6FBA /* CJPopoverViewController.swift in Sources */,
				D00549A11F3AF9610098D926 /* CJNetWorkTools.swift in Sources */,
				D017CA6F1F2F06F30037071E /* UIBarButtonItem-Extension.swift in Sources */,
				D037386A1F28939E00056CF6 /* CJMainVC.swift in Sources */,
				D04696841F69237500AA01A5 /* CJEmotionVC.swift in Sources */,
				D00549961F3AB5FA0098D926 /* CJOAuthVC.swift in Sources */,
				D0BCB4A91F46D18000BC6FBA /* NSDate-Extension.swift in Sources */,
				D03738601F2891A200056CF6 /* CJDiscoverVC.swift in Sources */,
				D01E101B1F3C09D100411CF6 /* CJCommon.swift in Sources */,
				D0BCB4A31F46BF2600BC6FBA /* CJStatusModel.swift in Sources */,
				D03738481F288E9400056CF6 /* AppDelegate.swift in Sources */,
				D005499D1F3ABEA50098D926 /* CJUserAccount.swift in Sources */,
				D04696801F6922FF00AA01A5 /* CJTitleButton.swift in Sources */,
				D062D1111F31753400FB2AF0 /* CJVisitorView.swift in Sources */,
				D0C209421F6935DC00FCE77E /* CJEmotionManger.swift in Sources */,
				D03738681F2891E300056CF6 /* CJProfileVC.swift in Sources */,
				D0109A621F6A32CB00CD5BAE /* CJEmotionCell.swift in Sources */,
				D017CA811F2F38460037071E /* CJBaseVC.swift in Sources */,
				D00EE1911F6248D200F3AEBC /* CJPicCollectionView.swift in Sources */,
				D09F31131F4AB88A008B15C1 /* CJHomeViewCell.swift in Sources */,
				D017CA6B1F2EE7200037071E /* UIButton-Extension.swift in Sources */,
				D005499A1F3ABC2B0098D926 /* CJWelcomeVC.swift in Sources */,
				D005499F1F3AF4250098D926 /* CJUserAccountViewModel.swift in Sources */,
				D0BCB4A51F46CE6E00BC6FBA /* CJUserModel.swift in Sources */,
				D0435E511F668AB60098F182 /* CJComposeTitleView.swift in Sources */,
				D0C209401F692E7000FCE77E /* CJEmotionPackage.swift in Sources */,
			);
			runOnlyForDeploymentPostprocessing = 0;
		};
/* End PBXSourcesBuildPhase section */

/* Begin PBXVariantGroup section */
		D017CA631F2ED5840037071E /* NULL.storyboard */ = {
			isa = PBXVariantGroup;
			children = (
				D017CA641F2ED5840037071E /* Base */,
			);
			name = NULL.storyboard;
			path = ../../..;
			sourceTree = "<group>";
		};
		D03738501F288E9400056CF6 /* LaunchScreen.storyboard */ = {
			isa = PBXVariantGroup;
			children = (
				D03738511F288E9400056CF6 /* Base */,
			);
			name = LaunchScreen.storyboard;
			sourceTree = "<group>";
		};
		D0BDD1491F39A07400F3A411 /* Main.storyboard */ = {
			isa = PBXVariantGroup;
			children = (
				D0BDD14A1F39A07400F3A411 /* Base */,
			);
			name = Main.storyboard;
			sourceTree = "<group>";
		};
/* End PBXVariantGroup section */

/* Begin XCBuildConfiguration section */
		D03738541F288E9400056CF6 /* Debug */ = {
			isa = XCBuildConfiguration;
			buildSettings = {
				ALWAYS_SEARCH_USER_PATHS = NO;
				CLANG_ANALYZER_NONNULL = YES;
				CLANG_ANALYZER_NUMBER_OBJECT_CONVERSION = YES_AGGRESSIVE;
				CLANG_CXX_LANGUAGE_STANDARD = "gnu++0x";
				CLANG_CXX_LIBRARY = "libc++";
				CLANG_ENABLE_MODULES = YES;
				CLANG_ENABLE_OBJC_ARC = YES;
				CLANG_WARN_BOOL_CONVERSION = YES;
				CLANG_WARN_CONSTANT_CONVERSION = YES;
				CLANG_WARN_DIRECT_OBJC_ISA_USAGE = YES_ERROR;
				CLANG_WARN_DOCUMENTATION_COMMENTS = YES;
				CLANG_WARN_EMPTY_BODY = YES;
				CLANG_WARN_ENUM_CONVERSION = YES;
				CLANG_WARN_INFINITE_RECURSION = YES;
				CLANG_WARN_INT_CONVERSION = YES;
				CLANG_WARN_OBJC_ROOT_CLASS = YES_ERROR;
				CLANG_WARN_SUSPICIOUS_MOVE = YES;
				CLANG_WARN_UNREACHABLE_CODE = YES;
				CLANG_WARN__DUPLICATE_METHOD_MATCH = YES;
				"CODE_SIGN_IDENTITY[sdk=iphoneos*]" = "iPhone Developer";
				COPY_PHASE_STRIP = NO;
				DEBUG_INFORMATION_FORMAT = dwarf;
				ENABLE_STRICT_OBJC_MSGSEND = YES;
				ENABLE_TESTABILITY = YES;
				GCC_C_LANGUAGE_STANDARD = gnu99;
				GCC_DYNAMIC_NO_PIC = NO;
				GCC_NO_COMMON_BLOCKS = YES;
				GCC_OPTIMIZATION_LEVEL = 0;
				GCC_PREPROCESSOR_DEFINITIONS = (
					"DEBUG=1",
					"$(inherited)",
				);
				GCC_WARN_64_TO_32_BIT_CONVERSION = YES;
				GCC_WARN_ABOUT_RETURN_TYPE = YES_ERROR;
				GCC_WARN_UNDECLARED_SELECTOR = YES;
				GCC_WARN_UNINITIALIZED_AUTOS = YES_AGGRESSIVE;
				GCC_WARN_UNUSED_FUNCTION = YES;
				GCC_WARN_UNUSED_VARIABLE = YES;
				IPHONEOS_DEPLOYMENT_TARGET = 10.3;
				MTL_ENABLE_DEBUG_INFO = YES;
				ONLY_ACTIVE_ARCH = YES;
				SDKROOT = iphoneos;
				SWIFT_ACTIVE_COMPILATION_CONDITIONS = DEBUG;
				SWIFT_OPTIMIZATION_LEVEL = "-Onone";
			};
			name = Debug;
		};
		D03738551F288E9400056CF6 /* Release */ = {
			isa = XCBuildConfiguration;
			buildSettings = {
				ALWAYS_SEARCH_USER_PATHS = NO;
				CLANG_ANALYZER_NONNULL = YES;
				CLANG_ANALYZER_NUMBER_OBJECT_CONVERSION = YES_AGGRESSIVE;
				CLANG_CXX_LANGUAGE_STANDARD = "gnu++0x";
				CLANG_CXX_LIBRARY = "libc++";
				CLANG_ENABLE_MODULES = YES;
				CLANG_ENABLE_OBJC_ARC = YES;
				CLANG_WARN_BOOL_CONVERSION = YES;
				CLANG_WARN_CONSTANT_CONVERSION = YES;
				CLANG_WARN_DIRECT_OBJC_ISA_USAGE = YES_ERROR;
				CLANG_WARN_DOCUMENTATION_COMMENTS = YES;
				CLANG_WARN_EMPTY_BODY = YES;
				CLANG_WARN_ENUM_CONVERSION = YES;
				CLANG_WARN_INFINITE_RECURSION = YES;
				CLANG_WARN_INT_CONVERSION = YES;
				CLANG_WARN_OBJC_ROOT_CLASS = YES_ERROR;
				CLANG_WARN_SUSPICIOUS_MOVE = YES;
				CLANG_WARN_UNREACHABLE_CODE = YES;
				CLANG_WARN__DUPLICATE_METHOD_MATCH = YES;
				"CODE_SIGN_IDENTITY[sdk=iphoneos*]" = "iPhone Developer";
				COPY_PHASE_STRIP = NO;
				DEBUG_INFORMATION_FORMAT = "dwarf-with-dsym";
				ENABLE_NS_ASSERTIONS = NO;
				ENABLE_STRICT_OBJC_MSGSEND = YES;
				GCC_C_LANGUAGE_STANDARD = gnu99;
				GCC_NO_COMMON_BLOCKS = YES;
				GCC_WARN_64_TO_32_BIT_CONVERSION = YES;
				GCC_WARN_ABOUT_RETURN_TYPE = YES_ERROR;
				GCC_WARN_UNDECLARED_SELECTOR = YES;
				GCC_WARN_UNINITIALIZED_AUTOS = YES_AGGRESSIVE;
				GCC_WARN_UNUSED_FUNCTION = YES;
				GCC_WARN_UNUSED_VARIABLE = YES;
				IPHONEOS_DEPLOYMENT_TARGET = 10.3;
				MTL_ENABLE_DEBUG_INFO = NO;
				SDKROOT = iphoneos;
				SWIFT_OPTIMIZATION_LEVEL = "-Owholemodule";
				VALIDATE_PRODUCT = YES;
			};
			name = Release;
		};
		D03738571F288E9400056CF6 /* Debug */ = {
			isa = XCBuildConfiguration;
			baseConfigurationReference = 2EEE83F25CAA694C6EB0D367 /* Pods-CJWB.debug.xcconfig */;
			buildSettings = {
				ASSETCATALOG_COMPILER_APPICON_NAME = AppIcon;
				ASSETCATALOG_COMPILER_LAUNCHIMAGE_NAME = LaunchImage;
				DEVELOPMENT_TEAM = EJ7WBKMWJX;
				INFOPLIST_FILE = CJWB/Info.plist;
				IPHONEOS_DEPLOYMENT_TARGET = 10.0;
				LD_RUNPATH_SEARCH_PATHS = "$(inherited) @executable_path/Frameworks";
				PRODUCT_BUNDLE_IDENTIFIER = com.shz.www.SDDSD.CJWB;
				PRODUCT_NAME = "$(TARGET_NAME)";
				SWIFT_VERSION = 3.0;
			};
			name = Debug;
		};
		D03738581F288E9400056CF6 /* Release */ = {
			isa = XCBuildConfiguration;
			baseConfigurationReference = BF458472E307D99D0C8B0718 /* Pods-CJWB.release.xcconfig */;
			buildSettings = {
				ASSETCATALOG_COMPILER_APPICON_NAME = AppIcon;
				ASSETCATALOG_COMPILER_LAUNCHIMAGE_NAME = LaunchImage;
				DEVELOPMENT_TEAM = EJ7WBKMWJX;
				INFOPLIST_FILE = CJWB/Info.plist;
				IPHONEOS_DEPLOYMENT_TARGET = 10.0;
				LD_RUNPATH_SEARCH_PATHS = "$(inherited) @executable_path/Frameworks";
				PRODUCT_BUNDLE_IDENTIFIER = com.shz.www.SDDSD.CJWB;
				PRODUCT_NAME = "$(TARGET_NAME)";
				SWIFT_VERSION = 3.0;
			};
			name = Release;
		};
/* End XCBuildConfiguration section */

/* Begin XCConfigurationList section */
		D037383F1F288E9400056CF6 /* Build configuration list for PBXProject "CJWB" */ = {
			isa = XCConfigurationList;
			buildConfigurations = (
				D03738541F288E9400056CF6 /* Debug */,
				D03738551F288E9400056CF6 /* Release */,
			);
			defaultConfigurationIsVisible = 0;
			defaultConfigurationName = Release;
		};
		D03738561F288E9400056CF6 /* Build configuration list for PBXNativeTarget "CJWB" */ = {
			isa = XCConfigurationList;
			buildConfigurations = (
				D03738571F288E9400056CF6 /* Debug */,
				D03738581F288E9400056CF6 /* Release */,
			);
			defaultConfigurationIsVisible = 0;
			defaultConfigurationName = Release;
		};
/* End XCConfigurationList section */
	};
	rootObject = D037383C1F288E9300056CF6 /* Project object */;
}
